// !$*UTF8*$!
{
	archiveVersion = 1;
	classes = {
	};
	objectVersion = 56;
	objects = {

/* Begin PBXBuildFile section */
		2C229DAB2A161C9A004AA465 /* ToDoListApp.swift in Sources */ = {isa = PBXBuildFile; fileRef = 2C229DAA2A161C9A004AA465 /* ToDoListApp.swift */; };
		2C229DAD2A161C9A004AA465 /* MainView.swift in Sources */ = {isa = PBXBuildFile; fileRef = 2C229DAC2A161C9A004AA465 /* MainView.swift */; };
		2C229DAF2A161C9B004AA465 /* Assets.xcassets in Resources */ = {isa = PBXBuildFile; fileRef = 2C229DAE2A161C9B004AA465 /* Assets.xcassets */; };
		2C229DB22A161C9B004AA465 /* Preview Assets.xcassets in Resources */ = {isa = PBXBuildFile; fileRef = 2C229DB12A161C9B004AA465 /* Preview Assets.xcassets */; };
		2C229DBA2A161EA6004AA465 /* FirebaseAuth in Frameworks */ = {isa = PBXBuildFile; productRef = 2C229DB92A161EA6004AA465 /* FirebaseAuth */; };
		2C229DBC2A161EA6004AA465 /* FirebaseFirestore in Frameworks */ = {isa = PBXBuildFile; productRef = 2C229DBB2A161EA6004AA465 /* FirebaseFirestore */; };
		2C229DBE2A161EA6004AA465 /* FirebaseFirestoreSwift in Frameworks */ = {isa = PBXBuildFile; productRef = 2C229DBD2A161EA6004AA465 /* FirebaseFirestoreSwift */; };
		2C229DC02A162046004AA465 /* GoogleService-Info.plist in Resources */ = {isa = PBXBuildFile; fileRef = 2C229DBF2A162046004AA465 /* GoogleService-Info.plist */; };
		2C229DC62A1623EA004AA465 /* ProfileView.swift in Sources */ = {isa = PBXBuildFile; fileRef = 2C229DC52A1623EA004AA465 /* ProfileView.swift */; };
		2C229DC82A16240E004AA465 /* ToDoListView.swift in Sources */ = {isa = PBXBuildFile; fileRef = 2C229DC72A16240E004AA465 /* ToDoListView.swift */; };
		2C229DCA2A162423004AA465 /* NewItemView.swift in Sources */ = {isa = PBXBuildFile; fileRef = 2C229DC92A162423004AA465 /* NewItemView.swift */; };
		2C229DCD2A162440004AA465 /* LoginView.swift in Sources */ = {isa = PBXBuildFile; fileRef = 2C229DCC2A162440004AA465 /* LoginView.swift */; };
		2C229DCF2A16245A004AA465 /* RegisterView.swift in Sources */ = {isa = PBXBuildFile; fileRef = 2C229DCE2A16245A004AA465 /* RegisterView.swift */; };
		2C229DD12A1624BB004AA465 /* ToDoListItemView.swift in Sources */ = {isa = PBXBuildFile; fileRef = 2C229DD02A1624BB004AA465 /* ToDoListItemView.swift */; };
		2C229DD32A1624E6004AA465 /* User.swift in Sources */ = {isa = PBXBuildFile; fileRef = 2C229DD22A1624E6004AA465 /* User.swift */; };
		2C229DD52A1624F0004AA465 /* ToDoListItem.swift in Sources */ = {isa = PBXBuildFile; fileRef = 2C229DD42A1624F0004AA465 /* ToDoListItem.swift */; };
		2C229DD72A162517004AA465 /* MainViewViewModel.swift in Sources */ = {isa = PBXBuildFile; fileRef = 2C229DD62A162517004AA465 /* MainViewViewModel.swift */; };
		2C229DD92A162528004AA465 /* ProfileViewViewModel.swift in Sources */ = {isa = PBXBuildFile; fileRef = 2C229DD82A162528004AA465 /* ProfileViewViewModel.swift */; };
		2C229DDB2A162540004AA465 /* ToDoListViewViewModel.swift in Sources */ = {isa = PBXBuildFile; fileRef = 2C229DDA2A162540004AA465 /* ToDoListViewViewModel.swift */; };
		2C229DDD2A162559004AA465 /* ToDoListItemViewViewModel.swift in Sources */ = {isa = PBXBuildFile; fileRef = 2C229DDC2A162559004AA465 /* ToDoListItemViewViewModel.swift */; };
		2C229DDF2A162566004AA465 /* NewItemVIewViewModel.swift in Sources */ = {isa = PBXBuildFile; fileRef = 2C229DDE2A162566004AA465 /* NewItemVIewViewModel.swift */; };
		2C229DE12A162573004AA465 /* LoginViewViewModel.swift in Sources */ = {isa = PBXBuildFile; fileRef = 2C229DE02A162573004AA465 /* LoginViewViewModel.swift */; };
		2C229DE32A16257B004AA465 /* RegisterViewViewModel.swift in Sources */ = {isa = PBXBuildFile; fileRef = 2C229DE22A16257B004AA465 /* RegisterViewViewModel.swift */; };
		2C229DE62A163401004AA465 /* HeaderView.swift in Sources */ = {isa = PBXBuildFile; fileRef = 2C229DE52A163401004AA465 /* HeaderView.swift */; };
/* End PBXBuildFile section */

/* Begin PBXFileReference section */
		2C229DA72A161C9A004AA465 /* ToDoList.app */ = {isa = PBXFileReference; explicitFileType = wrapper.application; includeInIndex = 0; path = ToDoList.app; sourceTree = BUILT_PRODUCTS_DIR; };
		2C229DAA2A161C9A004AA465 /* ToDoListApp.swift */ = {isa = PBXFileReference; lastKnownFileType = sourcecode.swift; path = ToDoListApp.swift; sourceTree = "<group>"; };
		2C229DAC2A161C9A004AA465 /* MainView.swift */ = {isa = PBXFileReference; lastKnownFileType = sourcecode.swift; path = MainView.swift; sourceTree = "<group>"; };
		2C229DAE2A161C9B004AA465 /* Assets.xcassets */ = {isa = PBXFileReference; lastKnownFileType = folder.assetcatalog; path = Assets.xcassets; sourceTree = "<group>"; };
		2C229DB12A161C9B004AA465 /* Preview Assets.xcassets */ = {isa = PBXFileReference; lastKnownFileType = folder.assetcatalog; path = "Preview Assets.xcassets"; sourceTree = "<group>"; };
		2C229DBF2A162046004AA465 /* GoogleService-Info.plist */ = {isa = PBXFileReference; fileEncoding = 4; lastKnownFileType = text.plist.xml; path = "GoogleService-Info.plist"; sourceTree = "<group>"; };
		2C229DC52A1623EA004AA465 /* ProfileView.swift */ = {isa = PBXFileReference; lastKnownFileType = sourcecode.swift; path = ProfileView.swift; sourceTree = "<group>"; };
		2C229DC72A16240E004AA465 /* ToDoListView.swift */ = {isa = PBXFileReference; lastKnownFileType = sourcecode.swift; path = ToDoListView.swift; sourceTree = "<group>"; };
		2C229DC92A162423004AA465 /* NewItemView.swift */ = {isa = PBXFileReference; lastKnownFileType = sourcecode.swift; path = NewItemView.swift; sourceTree = "<group>"; };
		2C229DCC2A162440004AA465 /* LoginView.swift */ = {isa = PBXFileReference; lastKnownFileType = sourcecode.swift; path = LoginView.swift; sourceTree = "<group>"; };
		2C229DCE2A16245A004AA465 /* RegisterView.swift */ = {isa = PBXFileReference; lastKnownFileType = sourcecode.swift; path = RegisterView.swift; sourceTree = "<group>"; };
		2C229DD02A1624BB004AA465 /* ToDoListItemView.swift */ = {isa = PBXFileReference; lastKnownFileType = sourcecode.swift; path = ToDoListItemView.swift; sourceTree = "<group>"; };
		2C229DD22A1624E6004AA465 /* User.swift */ = {isa = PBXFileReference; lastKnownFileType = sourcecode.swift; path = User.swift; sourceTree = "<group>"; };
		2C229DD42A1624F0004AA465 /* ToDoListItem.swift */ = {isa = PBXFileReference; lastKnownFileType = sourcecode.swift; path = ToDoListItem.swift; sourceTree = "<group>"; };
		2C229DD62A162517004AA465 /* MainViewViewModel.swift */ = {isa = PBXFileReference; lastKnownFileType = sourcecode.swift; path = MainViewViewModel.swift; sourceTree = "<group>"; };
		2C229DD82A162528004AA465 /* ProfileViewViewModel.swift */ = {isa = PBXFileReference; lastKnownFileType = sourcecode.swift; path = ProfileViewViewModel.swift; sourceTree = "<group>"; };
		2C229DDA2A162540004AA465 /* ToDoListViewViewModel.swift */ = {isa = PBXFileReference; lastKnownFileType = sourcecode.swift; path = ToDoListViewViewModel.swift; sourceTree = "<group>"; };
		2C229DDC2A162559004AA465 /* ToDoListItemViewViewModel.swift */ = {isa = PBXFileReference; lastKnownFileType = sourcecode.swift; path = ToDoListItemViewViewModel.swift; sourceTree = "<group>"; };
		2C229DDE2A162566004AA465 /* NewItemVIewViewModel.swift */ = {isa = PBXFileReference; lastKnownFileType = sourcecode.swift; path = NewItemVIewViewModel.swift; sourceTree = "<group>"; };
		2C229DE02A162573004AA465 /* LoginViewViewModel.swift */ = {isa = PBXFileReference; lastKnownFileType = sourcecode.swift; path = LoginViewViewModel.swift; sourceTree = "<group>"; };
		2C229DE22A16257B004AA465 /* RegisterViewViewModel.swift */ = {isa = PBXFileReference; lastKnownFileType = sourcecode.swift; path = RegisterViewViewModel.swift; sourceTree = "<group>"; };
		2C229DE52A163401004AA465 /* HeaderView.swift */ = {isa = PBXFileReference; lastKnownFileType = sourcecode.swift; path = HeaderView.swift; sourceTree = "<group>"; };
/* End PBXFileReference section */

/* Begin PBXFrameworksBuildPhase section */
		2C229DA42A161C9A004AA465 /* Frameworks */ = {
			isa = PBXFrameworksBuildPhase;
			buildActionMask = 2147483647;
			files = (
				2C229DBA2A161EA6004AA465 /* FirebaseAuth in Frameworks */,
				2C229DBC2A161EA6004AA465 /* FirebaseFirestore in Frameworks */,
				2C229DBE2A161EA6004AA465 /* FirebaseFirestoreSwift in Frameworks */,
			);
			runOnlyForDeploymentPostprocessing = 0;
		};
/* End PBXFrameworksBuildPhase section */

/* Begin PBXGroup section */
		2C229D9E2A161C9A004AA465 = {
			isa = PBXGroup;
			children = (
				2C229DA92A161C9A004AA465 /* ToDoList */,
				2C229DA82A161C9A004AA465 /* Products */,
			);
			sourceTree = "<group>";
		};
		2C229DA82A161C9A004AA465 /* Products */ = {
			isa = PBXGroup;
			children = (
				2C229DA72A161C9A004AA465 /* ToDoList.app */,
			);
			name = Products;
			sourceTree = "<group>";
		};
		2C229DA92A161C9A004AA465 /* ToDoList */ = {
			isa = PBXGroup;
			children = (
				2C229DC42A162276004AA465 /* Others */,
				2C229DC32A16223D004AA465 /* Models */,
				2C229DC12A16221C004AA465 /* Views */,
				2C229DC22A162228004AA465 /* ViewModels */,
				2C229DB02A161C9B004AA465 /* Preview Content */,
			);
			path = ToDoList;
			sourceTree = "<group>";
		};
		2C229DB02A161C9B004AA465 /* Preview Content */ = {
			isa = PBXGroup;
			children = (
				2C229DB12A161C9B004AA465 /* Preview Assets.xcassets */,
			);
			path = "Preview Content";
			sourceTree = "<group>";
		};
		2C229DC12A16221C004AA465 /* Views */ = {
			isa = PBXGroup;
			children = (
				2C229DE42A1633E8004AA465 /* Login */,
				2C229DAC2A161C9A004AA465 /* MainView.swift */,
				2C229DC52A1623EA004AA465 /* ProfileView.swift */,
				2C229DC72A16240E004AA465 /* ToDoListView.swift */,
				2C229DD02A1624BB004AA465 /* ToDoListItemView.swift */,
				2C229DC92A162423004AA465 /* NewItemView.swift */,
				2C229DCE2A16245A004AA465 /* RegisterView.swift */,
			);
			path = Views;
			sourceTree = "<group>";
		};
		2C229DC22A162228004AA465 /* ViewModels */ = {
			isa = PBXGroup;
			children = (
				2C229DD62A162517004AA465 /* MainViewViewModel.swift */,
				2C229DD82A162528004AA465 /* ProfileViewViewModel.swift */,
				2C229DDA2A162540004AA465 /* ToDoListViewViewModel.swift */,
				2C229DDC2A162559004AA465 /* ToDoListItemViewViewModel.swift */,
				2C229DDE2A162566004AA465 /* NewItemVIewViewModel.swift */,
				2C229DE02A162573004AA465 /* LoginViewViewModel.swift */,
				2C229DE22A16257B004AA465 /* RegisterViewViewModel.swift */,
			);
			path = ViewModels;
			sourceTree = "<group>";
		};
		2C229DC32A16223D004AA465 /* Models */ = {
			isa = PBXGroup;
			children = (
				2C229DD22A1624E6004AA465 /* User.swift */,
				2C229DD42A1624F0004AA465 /* ToDoListItem.swift */,
			);
			path = Models;
			sourceTree = "<group>";
		};
		2C229DC42A162276004AA465 /* Others */ = {
			isa = PBXGroup;
			children = (
				2C229DAE2A161C9B004AA465 /* Assets.xcassets */,
				2C229DBF2A162046004AA465 /* GoogleService-Info.plist */,
				2C229DAA2A161C9A004AA465 /* ToDoListApp.swift */,
			);
			path = Others;
			sourceTree = "<group>";
		};
		2C229DE42A1633E8004AA465 /* Login */ = {
			isa = PBXGroup;
			children = (
				2C229DCC2A162440004AA465 /* LoginView.swift */,
				2C229DE52A163401004AA465 /* HeaderView.swift */,
			);
			path = Login;
			sourceTree = "<group>";
		};
/* End PBXGroup section */

/* Begin PBXNativeTarget section */
		2C229DA62A161C9A004AA465 /* ToDoList */ = {
			isa = PBXNativeTarget;
			buildConfigurationList = 2C229DB52A161C9B004AA465 /* Build configuration list for PBXNativeTarget "ToDoList" */;
			buildPhases = (
				2C229DA32A161C9A004AA465 /* Sources */,
				2C229DA42A161C9A004AA465 /* Frameworks */,
				2C229DA52A161C9A004AA465 /* Resources */,
			);
			buildRules = (
			);
			dependencies = (
			);
			name = ToDoList;
			packageProductDependencies = (
				2C229DB92A161EA6004AA465 /* FirebaseAuth */,
				2C229DBB2A161EA6004AA465 /* FirebaseFirestore */,
				2C229DBD2A161EA6004AA465 /* FirebaseFirestoreSwift */,
			);
			productName = ToDoList;
			productReference = 2C229DA72A161C9A004AA465 /* ToDoList.app */;
			productType = "com.apple.product-type.application";
		};
/* End PBXNativeTarget section */

/* Begin PBXProject section */
		2C229D9F2A161C9A004AA465 /* Project object */ = {
			isa = PBXProject;
			attributes = {
				BuildIndependentTargetsInParallel = 1;
				LastSwiftUpdateCheck = 1430;
				LastUpgradeCheck = 1430;
				TargetAttributes = {
					2C229DA62A161C9A004AA465 = {
						CreatedOnToolsVersion = 14.3;
					};
				};
			};
			buildConfigurationList = 2C229DA22A161C9A004AA465 /* Build configuration list for PBXProject "ToDoList" */;
			compatibilityVersion = "Xcode 14.0";
			developmentRegion = en;
			hasScannedForEncodings = 0;
			knownRegions = (
				en,
				Base,
			);
			mainGroup = 2C229D9E2A161C9A004AA465;
			packageReferences = (
				2C229DB82A161EA6004AA465 /* XCRemoteSwiftPackageReference "firebase-ios-sdk" */,
			);
			productRefGroup = 2C229DA82A161C9A004AA465 /* Products */;
			projectDirPath = "";
			projectRoot = "";
			targets = (
				2C229DA62A161C9A004AA465 /* ToDoList */,
			);
		};
/* End PBXProject section */

/* Begin PBXResourcesBuildPhase section */
		2C229DA52A161C9A004AA465 /* Resources */ = {
			isa = PBXResourcesBuildPhase;
			buildActionMask = 2147483647;
			files = (
				2C229DB22A161C9B004AA465 /* Preview Assets.xcassets in Resources */,
				2C229DAF2A161C9B004AA465 /* Assets.xcassets in Resources */,
				2C229DC02A162046004AA465 /* GoogleService-Info.plist in Resources */,
			);
			runOnlyForDeploymentPostprocessing = 0;
		};
/* End PBXResourcesBuildPhase section */

/* Begin PBXSourcesBuildPhase section */
		2C229DA32A161C9A004AA465 /* Sources */ = {
			isa = PBXSourcesBuildPhase;
			buildActionMask = 2147483647;
			files = (
				2C229DDD2A162559004AA465 /* ToDoListItemViewViewModel.swift in Sources */,
				2C229DE62A163401004AA465 /* HeaderView.swift in Sources */,
				2C229DCD2A162440004AA465 /* LoginView.swift in Sources */,
				2C229DE32A16257B004AA465 /* RegisterViewViewModel.swift in Sources */,
				2C229DAD2A161C9A004AA465 /* MainView.swift in Sources */,
				2C229DE12A162573004AA465 /* LoginViewViewModel.swift in Sources */,
				2C229DD72A162517004AA465 /* MainViewViewModel.swift in Sources */,
				2C229DDF2A162566004AA465 /* NewItemVIewViewModel.swift in Sources */,
				2C229DC82A16240E004AA465 /* ToDoListView.swift in Sources */,
				2C229DCF2A16245A004AA465 /* RegisterView.swift in Sources */,
				2C229DD92A162528004AA465 /* ProfileViewViewModel.swift in Sources */,
				2C229DC62A1623EA004AA465 /* ProfileView.swift in Sources */,
				2C229DD32A1624E6004AA465 /* User.swift in Sources */,
				2C229DD12A1624BB004AA465 /* ToDoListItemView.swift in Sources */,
				2C229DDB2A162540004AA465 /* ToDoListViewViewModel.swift in Sources */,
				2C229DAB2A161C9A004AA465 /* ToDoListApp.swift in Sources */,
				2C229DD52A1624F0004AA465 /* ToDoListItem.swift in Sources */,
				2C229DCA2A162423004AA465 /* NewItemView.swift in Sources */,
			);
			runOnlyForDeploymentPostprocessing = 0;
		};
/* End PBXSourcesBuildPhase section */

/* Begin XCBuildConfiguration section */
		2C229DB32A161C9B004AA465 /* Debug */ = {
			isa = XCBuildConfiguration;
			buildSettings = {
				ALWAYS_SEARCH_USER_PATHS = NO;
				CLANG_ANALYZER_NONNULL = YES;
				CLANG_ANALYZER_NUMBER_OBJECT_CONVERSION = YES_AGGRESSIVE;
				CLANG_CXX_LANGUAGE_STANDARD = "gnu++20";
				CLANG_ENABLE_MODULES = YES;
				CLANG_ENABLE_OBJC_ARC = YES;
				CLANG_ENABLE_OBJC_WEAK = YES;
				CLANG_WARN_BLOCK_CAPTURE_AUTORELEASING = YES;
				CLANG_WARN_BOOL_CONVERSION = YES;
				CLANG_WARN_COMMA = YES;
				CLANG_WARN_CONSTANT_CONVERSION = YES;
				CLANG_WARN_DEPRECATED_OBJC_IMPLEMENTATIONS = YES;
				CLANG_WARN_DIRECT_OBJC_ISA_USAGE = YES_ERROR;
				CLANG_WARN_DOCUMENTATION_COMMENTS = YES;
				CLANG_WARN_EMPTY_BODY = YES;
				CLANG_WARN_ENUM_CONVERSION = YES;
				CLANG_WARN_INFINITE_RECURSION = YES;
				CLANG_WARN_INT_CONVERSION = YES;
				CLANG_WARN_NON_LITERAL_NULL_CONVERSION = YES;
				CLANG_WARN_OBJC_IMPLICIT_RETAIN_SELF = YES;
				CLANG_WARN_OBJC_LITERAL_CONVERSION = YES;
				CLANG_WARN_OBJC_ROOT_CLASS = YES_ERROR;
				CLANG_WARN_QUOTED_INCLUDE_IN_FRAMEWORK_HEADER = YES;
				CLANG_WARN_RANGE_LOOP_ANALYSIS = YES;
				CLANG_WARN_STRICT_PROTOTYPES = YES;
				CLANG_WARN_SUSPICIOUS_MOVE = YES;
				CLANG_WARN_UNGUARDED_AVAILABILITY = YES_AGGRESSIVE;
				CLANG_WARN_UNREACHABLE_CODE = YES;
				CLANG_WARN__DUPLICATE_METHOD_MATCH = YES;
				COPY_PHASE_STRIP = NO;
				DEBUG_INFORMATION_FORMAT = dwarf;
				ENABLE_STRICT_OBJC_MSGSEND = YES;
				ENABLE_TESTABILITY = YES;
				GCC_C_LANGUAGE_STANDARD = gnu11;
				GCC_DYNAMIC_NO_PIC = NO;
				GCC_NO_COMMON_BLOCKS = YES;
				GCC_OPTIMIZATION_LEVEL = 0;
				GCC_PREPROCESSOR_DEFINITIONS = (
					"DEBUG=1",
					"$(inherited)",
				);
				GCC_WARN_64_TO_32_BIT_CONVERSION = YES;
				GCC_WARN_ABOUT_RETURN_TYPE = YES_ERROR;
				GCC_WARN_UNDECLARED_SELECTOR = YES;
				GCC_WARN_UNINITIALIZED_AUTOS = YES_AGGRESSIVE;
				GCC_WARN_UNUSED_FUNCTION = YES;
				GCC_WARN_UNUSED_VARIABLE = YES;
				IPHONEOS_DEPLOYMENT_TARGET = 16.4;
				MTL_ENABLE_DEBUG_INFO = INCLUDE_SOURCE;
				MTL_FAST_MATH = YES;
				ONLY_ACTIVE_ARCH = YES;
				SDKROOT = iphoneos;
				SWIFT_ACTIVE_COMPILATION_CONDITIONS = DEBUG;
				SWIFT_OPTIMIZATION_LEVEL = "-Onone";
			};
			name = Debug;
		};
		2C229DB42A161C9B004AA465 /* Release */ = {
			isa = XCBuildConfiguration;
			buildSettings = {
				ALWAYS_SEARCH_USER_PATHS = NO;
				CLANG_ANALYZER_NONNULL = YES;
				CLANG_ANALYZER_NUMBER_OBJECT_CONVERSION = YES_AGGRESSIVE;
				CLANG_CXX_LANGUAGE_STANDARD = "gnu++20";
				CLANG_ENABLE_MODULES = YES;
				CLANG_ENABLE_OBJC_ARC = YES;
				CLANG_ENABLE_OBJC_WEAK = YES;
				CLANG_WARN_BLOCK_CAPTURE_AUTORELEASING = YES;
				CLANG_WARN_BOOL_CONVERSION = YES;
				CLANG_WARN_COMMA = YES;
				CLANG_WARN_CONSTANT_CONVERSION = YES;
				CLANG_WARN_DEPRECATED_OBJC_IMPLEMENTATIONS = YES;
				CLANG_WARN_DIRECT_OBJC_ISA_USAGE = YES_ERROR;
				CLANG_WARN_DOCUMENTATION_COMMENTS = YES;
				CLANG_WARN_EMPTY_BODY = YES;
				CLANG_WARN_ENUM_CONVERSION = YES;
				CLANG_WARN_INFINITE_RECURSION = YES;
				CLANG_WARN_INT_CONVERSION = YES;
				CLANG_WARN_NON_LITERAL_NULL_CONVERSION = YES;
				CLANG_WARN_OBJC_IMPLICIT_RETAIN_SELF = YES;
				CLANG_WARN_OBJC_LITERAL_CONVERSION = YES;
				CLANG_WARN_OBJC_ROOT_CLASS = YES_ERROR;
				CLANG_WARN_QUOTED_INCLUDE_IN_FRAMEWORK_HEADER = YES;
				CLANG_WARN_RANGE_LOOP_ANALYSIS = YES;
				CLANG_WARN_STRICT_PROTOTYPES = YES;
				CLANG_WARN_SUSPICIOUS_MOVE = YES;
				CLANG_WARN_UNGUARDED_AVAILABILITY = YES_AGGRESSIVE;
				CLANG_WARN_UNREACHABLE_CODE = YES;
				CLANG_WARN__DUPLICATE_METHOD_MATCH = YES;
				COPY_PHASE_STRIP = NO;
				DEBUG_INFORMATION_FORMAT = "dwarf-with-dsym";
				ENABLE_NS_ASSERTIONS = NO;
				ENABLE_STRICT_OBJC_MSGSEND = YES;
				GCC_C_LANGUAGE_STANDARD = gnu11;
				GCC_NO_COMMON_BLOCKS = YES;
				GCC_WARN_64_TO_32_BIT_CONVERSION = YES;
				GCC_WARN_ABOUT_RETURN_TYPE = YES_ERROR;
				GCC_WARN_UNDECLARED_SELECTOR = YES;
				GCC_WARN_UNINITIALIZED_AUTOS = YES_AGGRESSIVE;
				GCC_WARN_UNUSED_FUNCTION = YES;
				GCC_WARN_UNUSED_VARIABLE = YES;
				IPHONEOS_DEPLOYMENT_TARGET = 16.4;
				MTL_ENABLE_DEBUG_INFO = NO;
				MTL_FAST_MATH = YES;
				SDKROOT = iphoneos;
				SWIFT_COMPILATION_MODE = wholemodule;
				SWIFT_OPTIMIZATION_LEVEL = "-O";
				VALIDATE_PRODUCT = YES;
			};
			name = Release;
		};
		2C229DB62A161C9B004AA465 /* Debug */ = {
			isa = XCBuildConfiguration;
			buildSettings = {
				ASSETCATALOG_COMPILER_APPICON_NAME = AppIcon;
				ASSETCATALOG_COMPILER_GLOBAL_ACCENT_COLOR_NAME = AccentColor;
				CODE_SIGN_STYLE = Automatic;
				CURRENT_PROJECT_VERSION = 1;
				DEVELOPMENT_ASSET_PATHS = "\"ToDoList/Preview Content\"";
				DEVELOPMENT_TEAM = A6799ZJFEN;
				ENABLE_PREVIEWS = YES;
				GENERATE_INFOPLIST_FILE = YES;
				INFOPLIST_KEY_CFBundleDisplayName = "To Do List";
				INFOPLIST_KEY_UIApplicationSceneManifest_Generation = YES;
				INFOPLIST_KEY_UIApplicationSupportsIndirectInputEvents = YES;
				INFOPLIST_KEY_UILaunchScreen_Generation = YES;
				INFOPLIST_KEY_UISupportedInterfaceOrientations = UIInterfaceOrientationPortrait;
				LD_RUNPATH_SEARCH_PATHS = (
					"$(inherited)",
					"@executable_path/Frameworks",
				);
				MARKETING_VERSION = 1.0;
				PRODUCT_BUNDLE_IDENTIFIER = com.nghiatran2023.ToDoList;
				PRODUCT_NAME = "$(TARGET_NAME)";
				SUPPORTED_PLATFORMS = "iphoneos iphonesimulator";
				SUPPORTS_MACCATALYST = NO;
				SUPPORTS_MAC_DESIGNED_FOR_IPHONE_IPAD = NO;
				SWIFT_EMIT_LOC_STRINGS = YES;
				SWIFT_VERSION = 5.0;
				TARGETED_DEVICE_FAMILY = "1,2";
			};
			name = Debug;
		};
		2C229DB72A161C9B004AA465 /* Release */ = {
			isa = XCBuildConfiguration;
			buildSettings = {
				ASSETCATALOG_COMPILER_APPICON_NAME = AppIcon;
				ASSETCATALOG_COMPILER_GLOBAL_ACCENT_COLOR_NAME = AccentColor;
				CODE_SIGN_STYLE = Automatic;
				CURRENT_PROJECT_VERSION = 1;
				DEVELOPMENT_ASSET_PATHS = "\"ToDoList/Preview Content\"";
				DEVELOPMENT_TEAM = A6799ZJFEN;
				ENABLE_PREVIEWS = YES;
				GENERATE_INFOPLIST_FILE = YES;
				INFOPLIST_KEY_CFBundleDisplayName = "To Do List";
				INFOPLIST_KEY_UIApplicationSceneManifest_Generation = YES;
				INFOPLIST_KEY_UIApplicationSupportsIndirectInputEvents = YES;
				INFOPLIST_KEY_UILaunchScreen_Generation = YES;
				INFOPLIST_KEY_UISupportedInterfaceOrientations = UIInterfaceOrientationPortrait;
				LD_RUNPATH_SEARCH_PATHS = (
					"$(inherited)",
					"@executable_path/Frameworks",
				);
				MARKETING_VERSION = 1.0;
				PRODUCT_BUNDLE_IDENTIFIER = com.nghiatran2023.ToDoList;
				PRODUCT_NAME = "$(TARGET_NAME)";
				SUPPORTED_PLATFORMS = "iphoneos iphonesimulator";
				SUPPORTS_MACCATALYST = NO;
				SUPPORTS_MAC_DESIGNED_FOR_IPHONE_IPAD = NO;
				SWIFT_EMIT_LOC_STRINGS = YES;
				SWIFT_VERSION = 5.0;
				TARGETED_DEVICE_FAMILY = "1,2";
			};
			name = Release;
		};
/* End XCBuildConfiguration section */

/* Begin XCConfigurationList section */
		2C229DA22A161C9A004AA465 /* Build configuration list for PBXProject "ToDoList" */ = {
			isa = XCConfigurationList;
			buildConfigurations = (
				2C229DB32A161C9B004AA465 /* Debug */,
				2C229DB42A161C9B004AA465 /* Release */,
			);
			defaultConfigurationIsVisible = 0;
			defaultConfigurationName = Release;
		};
		2C229DB52A161C9B004AA465 /* Build configuration list for PBXNativeTarget "ToDoList" */ = {
			isa = XCConfigurationList;
			buildConfigurations = (
				2C229DB62A161C9B004AA465 /* Debug */,
				2C229DB72A161C9B004AA465 /* Release */,
			);
			defaultConfigurationIsVisible = 0;
			defaultConfigurationName = Release;
		};
/* End XCConfigurationList section */

/* Begin XCRemoteSwiftPackageReference section */
		2C229DB82A161EA6004AA465 /* XCRemoteSwiftPackageReference "firebase-ios-sdk" */ = {
			isa = XCRemoteSwiftPackageReference;
			repositoryURL = "https://github.com/firebase/firebase-ios-sdk.git";
			requirement = {
				kind = upToNextMajorVersion;
				minimumVersion = 10.0.0;
			};
		};
/* End XCRemoteSwiftPackageReference section */

/* Begin XCSwiftPackageProductDependency section */
		2C229DB92A161EA6004AA465 /* FirebaseAuth */ = {
			isa = XCSwiftPackageProductDependency;
			package = 2C229DB82A161EA6004AA465 /* XCRemoteSwiftPackageReference "firebase-ios-sdk" */;
			productName = FirebaseAuth;
		};
		2C229DBB2A161EA6004AA465 /* FirebaseFirestore */ = {
			isa = XCSwiftPackageProductDependency;
			package = 2C229DB82A161EA6004AA465 /* XCRemoteSwiftPackageReference "firebase-ios-sdk" */;
			productName = FirebaseFirestore;
		};
		2C229DBD2A161EA6004AA465 /* FirebaseFirestoreSwift */ = {
			isa = XCSwiftPackageProductDependency;
			package = 2C229DB82A161EA6004AA465 /* XCRemoteSwiftPackageReference "firebase-ios-sdk" */;
			productName = FirebaseFirestoreSwift;
		};
/* End XCSwiftPackageProductDependency section */
	};
	rootObject = 2C229D9F2A161C9A004AA465 /* Project object */;
}
